
Microsoft Visual Studio Solution File, Format Version 12.00
# Visual Studio 15
VisualStudioVersion = 15.0.28307.136
MinimumVisualStudioVersion = 10.0.40219.1
Project("{FAE04EC0-301F-11D3-BF4B-00C04F79EFBC}") = "Data", "Examp\Data.csproj", "{38B35173-98F0-4063-A64D-7F2252836D56}"
EndProject
Project("{FAE04EC0-301F-11D3-BF4B-00C04F79EFBC}") = "Service", "Service\Service.csproj", "{4448E745-239B-496A-A9A3-513B361567EA}"
EndProject
Project("{FAE04EC0-301F-11D3-BF4B-00C04F79EFBC}") = "Core", "Core\Core.csproj", "{FE456D31-0DEC-4301-B934-1967C26E94E6}"
EndProject
Project("{FAE04EC0-301F-11D3-BF4B-00C04F79EFBC}") = "WebUI", "WebUI\WebUI.csproj", "{9F44566F-2C2B-44E1-BCFE-64678E5D2912}"
EndProject
Global
	GlobalSection(SolutionConfigurationPlatforms) = preSolution
		Debug|Any CPU = Debug|Any CPU
		Release|Any CPU = Release|Any CPU
	EndGlobalSection
	GlobalSection(ProjectConfigurationPlatforms) = postSolution
		{38B35173-98F0-4063-A64D-7F2252836D56}.Debug|Any CPU.ActiveCfg = Debug|Any CPU
		{38B35173-98F0-4063-A64D-7F2252836D56}.Debug|Any CPU.Build.0 = Debug|Any CPU
		{38B35173-98F0-4063-A64D-7F2252836D56}.Release|Any CPU.ActiveCfg = Release|Any CPU
		{38B35173-98F0-4063-A64D-7F2252836D56}.Release|Any CPU.Build.0 = Release|Any CPU
		{4448E745-239B-496A-A9A3-513B361567EA}.Debug|Any CPU.ActiveCfg = Debug|Any CPU
		{4448E745-239B-496A-A9A3-513B361567EA}.Debug|Any CPU.Build.0 = Debug|Any CPU
		{4448E745-239B-496A-A9A3-513B361567EA}.Release|Any CPU.ActiveCfg = Release|Any CPU
		{4448E745-239B-496A-A9A3-513B361567EA}.Release|Any CPU.Build.0 = Release|Any CPU
		{FE456D31-0DEC-4301-B934-1967C26E94E6}.Debug|Any CPU.ActiveCfg = Debug|Any CPU
		{FE456D31-0DEC-4301-B934-1967C26E94E6}.Debug|Any CPU.Build.0 = Debug|Any CPU
		{FE456D31-0DEC-4301-B934-1967C26E94E6}.Release|Any CPU.ActiveCfg = Release|Any CPU
		{FE456D31-0DEC-4301-B934-1967C26E94E6}.Release|Any CPU.Build.0 = Release|Any CPU
		{9F44566F-2C2B-44E1-BCFE-64678E5D2912}.Debug|Any CPU.ActiveCfg = Debug|Any CPU
		{9F44566F-2C2B-44E1-BCFE-64678E5D2912}.Debug|Any CPU.Build.0 = Debug|Any CPU
		{9F44566F-2C2B-44E1-BCFE-64678E5D2912}.Release|Any CPU.ActiveCfg = Release|Any CPU
		{9F44566F-2C2B-44E1-BCFE-64678E5D2912}.Release|Any CPU.Build.0 = Release|Any CPU
	EndGlobalSection
	GlobalSection(SolutionProperties) = preSolution
		HideSolutionNode = FALSE
	EndGlobalSection
	GlobalSection(ExtensibilityGlobals) = postSolution
		SolutionGuid = {92143E79-6B64-44D2-AA87-5FF9E108F118}
	EndGlobalSection
EndGlobal
